
Microsoft Visual Studio Solution File, Format Version 12.00
# Visual Studio Version 16
VisualStudioVersion = 16.0.30002.166
MinimumVisualStudioVersion = 10.0.40219.1
Project("{8BC9CEB8-8B4A-11D0-8D11-00A0C91BC942}") = "week 14", "week 14\week 14.vcxproj", "{2707EFE2-9070-4E43-9AE7-0060054BA820}"
EndProject
Global
	GlobalSection(SolutionConfigurationPlatforms) = preSolution
		Debug|x64 = Debug|x64
		Debug|x86 = Debug|x86
		Release|x64 = Release|x64
		Release|x86 = Release|x86
	EndGlobalSection
	GlobalSection(ProjectConfigurationPlatforms) = postSolution
		{2707EFE2-9070-4E43-9AE7-0060054BA820}.Debug|x64.ActiveCfg = Debug|x64
		{2707EFE2-9070-4E43-9AE7-0060054BA820}.Debug|x64.Build.0 = Debug|x64
		{2707EFE2-9070-4E43-9AE7-0060054BA820}.Debug|x86.ActiveCfg = Debug|Win32
		{2707EFE2-9070-4E43-9AE7-0060054BA820}.Debug|x86.Build.0 = Debug|Win32
		{2707EFE2-9070-4E43-9AE7-0060054BA820}.Release|x64.ActiveCfg = Release|x64
		{2707EFE2-9070-4E43-9AE7-0060054BA820}.Release|x64.Build.0 = Release|x64
		{2707EFE2-9070-4E43-9AE7-0060054BA820}.Release|x86.ActiveCfg = Release|Win32
		{2707EFE2-9070-4E43-9AE7-0060054BA820}.Release|x86.Build.0 = Release|Win32
	EndGlobalSection
	GlobalSection(SolutionProperties) = preSolution
		HideSolutionNode = FALSE
	EndGlobalSection
	GlobalSection(ExtensibilityGlobals) = postSolution
		SolutionGuid = {ED3CF5EB-41D9-4BC3-8331-97D4CFE1E75E}
	EndGlobalSection
EndGlobal
